// !$*UTF8*$!
{
	archiveVersion = 1;
	classes = {
	};
	objectVersion = 50;
	objects = {

/* Begin PBXBuildFile section */
		3330E8D72087DFE50002D14E /* RxCocoa.framework in Frameworks */ = {isa = PBXBuildFile; fileRef = 3367F3A1208641760041A399 /* RxCocoa.framework */; };
		3330E8D82087DFE50002D14E /* RxCocoa.framework in Embed Frameworks */ = {isa = PBXBuildFile; fileRef = 3367F3A1208641760041A399 /* RxCocoa.framework */; settings = {ATTRIBUTES = (CodeSignOnCopy, RemoveHeadersOnCopy, ); }; };
		3330E8D92087DFE50002D14E /* RxSwift.framework in Frameworks */ = {isa = PBXBuildFile; fileRef = 3367F3A2208641760041A399 /* RxSwift.framework */; };
		3330E8DA2087DFE50002D14E /* RxSwift.framework in Embed Frameworks */ = {isa = PBXBuildFile; fileRef = 3367F3A2208641760041A399 /* RxSwift.framework */; settings = {ATTRIBUTES = (CodeSignOnCopy, RemoveHeadersOnCopy, ); }; };
		3330F27320868C0B0063C9DD /* KeyboardSingleInput.swift in Sources */ = {isa = PBXBuildFile; fileRef = 3330F27220868C0B0063C9DD /* KeyboardSingleInput.swift */; };
		3330F27520868C290063C9DD /* QuestionTypeProtocol.swift in Sources */ = {isa = PBXBuildFile; fileRef = 3330F27420868C290063C9DD /* QuestionTypeProtocol.swift */; };
		3330F27720868C3C0063C9DD /* SingleInputModel.swift in Sources */ = {isa = PBXBuildFile; fileRef = 3330F27620868C3C0063C9DD /* SingleInputModel.swift */; };
		33579661208644EC004EB25D /* KYCViewModel.swift in Sources */ = {isa = PBXBuildFile; fileRef = 33579660208644EC004EB25D /* KYCViewModel.swift */; };
		3367F33E20853E490041A399 /* AppDelegate.swift in Sources */ = {isa = PBXBuildFile; fileRef = 3367F33D20853E490041A399 /* AppDelegate.swift */; };
		3367F34020853E490041A399 /* KYCController.swift in Sources */ = {isa = PBXBuildFile; fileRef = 3367F33F20853E490041A399 /* KYCController.swift */; };
		3367F34320853E490041A399 /* Main.storyboard in Resources */ = {isa = PBXBuildFile; fileRef = 3367F34120853E490041A399 /* Main.storyboard */; };
		3367F34520853E4B0041A399 /* Assets.xcassets in Resources */ = {isa = PBXBuildFile; fileRef = 3367F34420853E4B0041A399 /* Assets.xcassets */; };
		3367F34820853E4B0041A399 /* LaunchScreen.storyboard in Resources */ = {isa = PBXBuildFile; fileRef = 3367F34620853E4B0041A399 /* LaunchScreen.storyboard */; };
		3367F35320853E4B0041A399 /* KYCHorizontallyFlowTests.swift in Sources */ = {isa = PBXBuildFile; fileRef = 3367F35220853E4B0041A399 /* KYCHorizontallyFlowTests.swift */; };
		3367F365208547730041A399 /* TableViewReusable.swift in Sources */ = {isa = PBXBuildFile; fileRef = 3367F361208547730041A399 /* TableViewReusable.swift */; };
		3367F366208547730041A399 /* Reusable.swift in Sources */ = {isa = PBXBuildFile; fileRef = 3367F362208547730041A399 /* Reusable.swift */; };
		3367F367208547730041A399 /* CollectionViewReusable.swift in Sources */ = {isa = PBXBuildFile; fileRef = 3367F363208547730041A399 /* CollectionViewReusable.swift */; };
		3367F368208547730041A399 /* NibCreatable.swift in Sources */ = {isa = PBXBuildFile; fileRef = 3367F364208547730041A399 /* NibCreatable.swift */; };
		3367F36B208547830041A399 /* ViewCreatable.swift in Sources */ = {isa = PBXBuildFile; fileRef = 3367F36A208547830041A399 /* ViewCreatable.swift */; };
		3367F36E208547D00041A399 /* Response.json in Resources */ = {isa = PBXBuildFile; fileRef = 3367F36D208547D00041A399 /* Response.json */; };
		3367F373208548970041A399 /* KeyboardModel.swift in Sources */ = {isa = PBXBuildFile; fileRef = 3367F370208548970041A399 /* KeyboardModel.swift */; };
		3367F374208548970041A399 /* KeyboardDelegate.swift in Sources */ = {isa = PBXBuildFile; fileRef = 3367F371208548970041A399 /* KeyboardDelegate.swift */; };
		3367F375208548970041A399 /* KeyboardManager.swift in Sources */ = {isa = PBXBuildFile; fileRef = 3367F372208548970041A399 /* KeyboardManager.swift */; };
		3367F378208548CF0041A399 /* Color.swift in Sources */ = {isa = PBXBuildFile; fileRef = 3367F377208548CF0041A399 /* Color.swift */; };
		3367F380208549D20041A399 /* NavigationFooterView.xib in Resources */ = {isa = PBXBuildFile; fileRef = 3367F37E208549D20041A399 /* NavigationFooterView.xib */; };
		3367F381208549D20041A399 /* NavigationFooterView.swift in Sources */ = {isa = PBXBuildFile; fileRef = 3367F37F208549D20041A399 /* NavigationFooterView.swift */; };
		3367F38520854ACD0041A399 /* JSON.swift in Sources */ = {isa = PBXBuildFile; fileRef = 3367F38420854ACD0041A399 /* JSON.swift */; };
		3367F38720854B280041A399 /* QuestionsResponse.swift in Sources */ = {isa = PBXBuildFile; fileRef = 3367F38620854B280041A399 /* QuestionsResponse.swift */; };
		3367F38920854BD60041A399 /* MetaResponse.swift in Sources */ = {isa = PBXBuildFile; fileRef = 3367F38820854BD60041A399 /* MetaResponse.swift */; };
		3367F38B20854BEF0041A399 /* Question.swift in Sources */ = {isa = PBXBuildFile; fileRef = 3367F38A20854BEF0041A399 /* Question.swift */; };
		3367F38F20854C190041A399 /* SingleInput.swift in Sources */ = {isa = PBXBuildFile; fileRef = 3367F38E20854C190041A399 /* SingleInput.swift */; };
		3367F39120854C280041A399 /* SingleChoice.swift in Sources */ = {isa = PBXBuildFile; fileRef = 3367F39020854C280041A399 /* SingleChoice.swift */; };
		3367F39320854C370041A399 /* Answer.swift in Sources */ = {isa = PBXBuildFile; fileRef = 3367F39220854C370041A399 /* Answer.swift */; };
		3367F39520854C620041A399 /* SingleInputValidationType.swift in Sources */ = {isa = PBXBuildFile; fileRef = 3367F39420854C620041A399 /* SingleInputValidationType.swift */; };
		3367F39B208639820041A399 /* QuestionsService.swift in Sources */ = {isa = PBXBuildFile; fileRef = 3367F39A208639820041A399 /* QuestionsService.swift */; };
		3370CB9F20864A77005E3ED5 /* SingleInputCell.xib in Resources */ = {isa = PBXBuildFile; fileRef = 3370CB9D20864A77005E3ED5 /* SingleInputCell.xib */; };
		3370CBA020864A77005E3ED5 /* SingleInputCell.swift in Sources */ = {isa = PBXBuildFile; fileRef = 3370CB9E20864A77005E3ED5 /* SingleInputCell.swift */; };
		3370CBA8208664E7005E3ED5 /* SingleChoiceAnswerCell.swift in Sources */ = {isa = PBXBuildFile; fileRef = 3370CBA2208664E7005E3ED5 /* SingleChoiceAnswerCell.swift */; };
		3370CBA9208664E7005E3ED5 /* SingleChoiceCell.xib in Resources */ = {isa = PBXBuildFile; fileRef = 3370CBA3208664E7005E3ED5 /* SingleChoiceCell.xib */; };
		3370CBAA208664E7005E3ED5 /* SingleChoiceTitleCell.swift in Sources */ = {isa = PBXBuildFile; fileRef = 3370CBA4208664E7005E3ED5 /* SingleChoiceTitleCell.swift */; };
		3370CBAB208664E7005E3ED5 /* SingleChoiceCell.swift in Sources */ = {isa = PBXBuildFile; fileRef = 3370CBA5208664E7005E3ED5 /* SingleChoiceCell.swift */; };
		3370CBAC208664E7005E3ED5 /* SingleChoiceAnswerCell.xib in Resources */ = {isa = PBXBuildFile; fileRef = 3370CBA6208664E7005E3ED5 /* SingleChoiceAnswerCell.xib */; };
		3370CBAD208664E7005E3ED5 /* SingleChoiceTitleCell.xib in Resources */ = {isa = PBXBuildFile; fileRef = 3370CBA7208664E7005E3ED5 /* SingleChoiceTitleCell.xib */; };
		338701D320866B62008637F2 /* SingleInputCellViewModel.swift in Sources */ = {isa = PBXBuildFile; fileRef = 338701D220866B62008637F2 /* SingleInputCellViewModel.swift */; };
		338701D520866B99008637F2 /* SingleChoiceCellViewModel.swift in Sources */ = {isa = PBXBuildFile; fileRef = 338701D420866B99008637F2 /* SingleChoiceCellViewModel.swift */; };
		338701D82086809C008637F2 /* QuestionType.swift in Sources */ = {isa = PBXBuildFile; fileRef = 338701D72086809C008637F2 /* QuestionType.swift */; };
		33A02C60208691DF00FB589C /* QuestionsDisplay.swift in Sources */ = {isa = PBXBuildFile; fileRef = 33A02C5F208691DF00FB589C /* QuestionsDisplay.swift */; };
		33A02C62208697D900FB589C /* SingleChoiceModel.swift in Sources */ = {isa = PBXBuildFile; fileRef = 33A02C61208697D900FB589C /* SingleChoiceModel.swift */; };
		33A02C6420869C8800FB589C /* KYCDataSource.swift in Sources */ = {isa = PBXBuildFile; fileRef = 33A02C6320869C8800FB589C /* KYCDataSource.swift */; };
		33AC5B9D2087B7D40011CE2D /* CellViewModelProtocol.swift in Sources */ = {isa = PBXBuildFile; fileRef = 33AC5B9C2087B7D40011CE2D /* CellViewModelProtocol.swift */; };
		3460F1912088DDE90041E3D5 /* SingleChoiceDataSource.swift in Sources */ = {isa = PBXBuildFile; fileRef = 3460F1902088DDE90041E3D5 /* SingleChoiceDataSource.swift */; };
		3460F1932088E1C20041E3D5 /* SingleChoiceDelegate.swift in Sources */ = {isa = PBXBuildFile; fileRef = 3460F1922088E1C20041E3D5 /* SingleChoiceDelegate.swift */; };
/* End PBXBuildFile section */

/* Begin PBXContainerItemProxy section */
		3367F34F20853E4B0041A399 /* PBXContainerItemProxy */ = {
			isa = PBXContainerItemProxy;
			containerPortal = 3367F33220853E490041A399 /* Project object */;
			proxyType = 1;
			remoteGlobalIDString = 3367F33920853E490041A399;
			remoteInfo = KYCHorizontallyFlow;
		};
/* End PBXContainerItemProxy section */

/* Begin PBXCopyFilesBuildPhase section */
		3330E8DB2087DFE50002D14E /* Embed Frameworks */ = {
			isa = PBXCopyFilesBuildPhase;
			buildActionMask = 2147483647;
			dstPath = "";
			dstSubfolderSpec = 10;
			files = (
				3330E8DA2087DFE50002D14E /* RxSwift.framework in Embed Frameworks */,
				3330E8D82087DFE50002D14E /* RxCocoa.framework in Embed Frameworks */,
			);
			name = "Embed Frameworks";
			runOnlyForDeploymentPostprocessing = 0;
		};
/* End PBXCopyFilesBuildPhase section */

/* Begin PBXFileReference section */
		3330F27220868C0B0063C9DD /* KeyboardSingleInput.swift */ = {isa = PBXFileReference; lastKnownFileType = sourcecode.swift; path = KeyboardSingleInput.swift; sourceTree = "<group>"; };
		3330F27420868C290063C9DD /* QuestionTypeProtocol.swift */ = {isa = PBXFileReference; lastKnownFileType = sourcecode.swift; path = QuestionTypeProtocol.swift; sourceTree = "<group>"; };
		3330F27620868C3C0063C9DD /* SingleInputModel.swift */ = {isa = PBXFileReference; lastKnownFileType = sourcecode.swift; path = SingleInputModel.swift; sourceTree = "<group>"; };
		33579660208644EC004EB25D /* KYCViewModel.swift */ = {isa = PBXFileReference; lastKnownFileType = sourcecode.swift; path = KYCViewModel.swift; sourceTree = "<group>"; };
		3367F33A20853E490041A399 /* KYCHorizontallyFlow.app */ = {isa = PBXFileReference; explicitFileType = wrapper.application; includeInIndex = 0; path = KYCHorizontallyFlow.app; sourceTree = BUILT_PRODUCTS_DIR; };
		3367F33D20853E490041A399 /* AppDelegate.swift */ = {isa = PBXFileReference; lastKnownFileType = sourcecode.swift; path = AppDelegate.swift; sourceTree = "<group>"; };
		3367F33F20853E490041A399 /* KYCController.swift */ = {isa = PBXFileReference; lastKnownFileType = sourcecode.swift; path = KYCController.swift; sourceTree = "<group>"; };
		3367F34220853E490041A399 /* Base */ = {isa = PBXFileReference; lastKnownFileType = file.storyboard; name = Base; path = Base.lproj/Main.storyboard; sourceTree = "<group>"; };
		3367F34420853E4B0041A399 /* Assets.xcassets */ = {isa = PBXFileReference; lastKnownFileType = folder.assetcatalog; path = Assets.xcassets; sourceTree = "<group>"; };
		3367F34720853E4B0041A399 /* Base */ = {isa = PBXFileReference; lastKnownFileType = file.storyboard; name = Base; path = Base.lproj/LaunchScreen.storyboard; sourceTree = "<group>"; };
		3367F34920853E4B0041A399 /* Info.plist */ = {isa = PBXFileReference; lastKnownFileType = text.plist.xml; path = Info.plist; sourceTree = "<group>"; };
		3367F34E20853E4B0041A399 /* KYCHorizontallyFlowTests.xctest */ = {isa = PBXFileReference; explicitFileType = wrapper.cfbundle; includeInIndex = 0; path = KYCHorizontallyFlowTests.xctest; sourceTree = BUILT_PRODUCTS_DIR; };
		3367F35220853E4B0041A399 /* KYCHorizontallyFlowTests.swift */ = {isa = PBXFileReference; lastKnownFileType = sourcecode.swift; path = KYCHorizontallyFlowTests.swift; sourceTree = "<group>"; };
		3367F35420853E4B0041A399 /* Info.plist */ = {isa = PBXFileReference; lastKnownFileType = text.plist.xml; path = Info.plist; sourceTree = "<group>"; };
		3367F361208547730041A399 /* TableViewReusable.swift */ = {isa = PBXFileReference; fileEncoding = 4; lastKnownFileType = sourcecode.swift; path = TableViewReusable.swift; sourceTree = "<group>"; };
		3367F362208547730041A399 /* Reusable.swift */ = {isa = PBXFileReference; fileEncoding = 4; lastKnownFileType = sourcecode.swift; path = Reusable.swift; sourceTree = "<group>"; };
		3367F363208547730041A399 /* CollectionViewReusable.swift */ = {isa = PBXFileReference; fileEncoding = 4; lastKnownFileType = sourcecode.swift; path = CollectionViewReusable.swift; sourceTree = "<group>"; };
		3367F364208547730041A399 /* NibCreatable.swift */ = {isa = PBXFileReference; fileEncoding = 4; lastKnownFileType = sourcecode.swift; path = NibCreatable.swift; sourceTree = "<group>"; };
		3367F36A208547830041A399 /* ViewCreatable.swift */ = {isa = PBXFileReference; fileEncoding = 4; lastKnownFileType = sourcecode.swift; path = ViewCreatable.swift; sourceTree = "<group>"; };
		3367F36D208547D00041A399 /* Response.json */ = {isa = PBXFileReference; lastKnownFileType = text.json; path = Response.json; sourceTree = "<group>"; };
		3367F370208548970041A399 /* KeyboardModel.swift */ = {isa = PBXFileReference; fileEncoding = 4; lastKnownFileType = sourcecode.swift; path = KeyboardModel.swift; sourceTree = "<group>"; };
		3367F371208548970041A399 /* KeyboardDelegate.swift */ = {isa = PBXFileReference; fileEncoding = 4; lastKnownFileType = sourcecode.swift; path = KeyboardDelegate.swift; sourceTree = "<group>"; };
		3367F372208548970041A399 /* KeyboardManager.swift */ = {isa = PBXFileReference; fileEncoding = 4; lastKnownFileType = sourcecode.swift; path = KeyboardManager.swift; sourceTree = "<group>"; };
		3367F377208548CF0041A399 /* Color.swift */ = {isa = PBXFileReference; fileEncoding = 4; lastKnownFileType = sourcecode.swift; path = Color.swift; sourceTree = "<group>"; };
		3367F37E208549D20041A399 /* NavigationFooterView.xib */ = {isa = PBXFileReference; fileEncoding = 4; lastKnownFileType = file.xib; path = NavigationFooterView.xib; sourceTree = "<group>"; };
		3367F37F208549D20041A399 /* NavigationFooterView.swift */ = {isa = PBXFileReference; fileEncoding = 4; lastKnownFileType = sourcecode.swift; path = NavigationFooterView.swift; sourceTree = "<group>"; };
		3367F38420854ACD0041A399 /* JSON.swift */ = {isa = PBXFileReference; lastKnownFileType = sourcecode.swift; path = JSON.swift; sourceTree = "<group>"; };
		3367F38620854B280041A399 /* QuestionsResponse.swift */ = {isa = PBXFileReference; lastKnownFileType = sourcecode.swift; path = QuestionsResponse.swift; sourceTree = "<group>"; };
		3367F38820854BD60041A399 /* MetaResponse.swift */ = {isa = PBXFileReference; lastKnownFileType = sourcecode.swift; path = MetaResponse.swift; sourceTree = "<group>"; };
		3367F38A20854BEF0041A399 /* Question.swift */ = {isa = PBXFileReference; lastKnownFileType = sourcecode.swift; path = Question.swift; sourceTree = "<group>"; };
		3367F38E20854C190041A399 /* SingleInput.swift */ = {isa = PBXFileReference; lastKnownFileType = sourcecode.swift; path = SingleInput.swift; sourceTree = "<group>"; };
		3367F39020854C280041A399 /* SingleChoice.swift */ = {isa = PBXFileReference; lastKnownFileType = sourcecode.swift; path = SingleChoice.swift; sourceTree = "<group>"; };
		3367F39220854C370041A399 /* Answer.swift */ = {isa = PBXFileReference; lastKnownFileType = sourcecode.swift; path = Answer.swift; sourceTree = "<group>"; };
		3367F39420854C620041A399 /* SingleInputValidationType.swift */ = {isa = PBXFileReference; lastKnownFileType = sourcecode.swift; path = SingleInputValidationType.swift; sourceTree = "<group>"; };
		3367F39A208639820041A399 /* QuestionsService.swift */ = {isa = PBXFileReference; lastKnownFileType = sourcecode.swift; path = QuestionsService.swift; sourceTree = "<group>"; };
		3367F3A1208641760041A399 /* RxCocoa.framework */ = {isa = PBXFileReference; lastKnownFileType = wrapper.framework; path = RxCocoa.framework; sourceTree = "<group>"; };
		3367F3A2208641760041A399 /* RxSwift.framework */ = {isa = PBXFileReference; lastKnownFileType = wrapper.framework; path = RxSwift.framework; sourceTree = "<group>"; };
		3370CB9D20864A77005E3ED5 /* SingleInputCell.xib */ = {isa = PBXFileReference; fileEncoding = 4; lastKnownFileType = file.xib; path = SingleInputCell.xib; sourceTree = "<group>"; };
		3370CB9E20864A77005E3ED5 /* SingleInputCell.swift */ = {isa = PBXFileReference; fileEncoding = 4; lastKnownFileType = sourcecode.swift; path = SingleInputCell.swift; sourceTree = "<group>"; };
		3370CBA2208664E7005E3ED5 /* SingleChoiceAnswerCell.swift */ = {isa = PBXFileReference; fileEncoding = 4; lastKnownFileType = sourcecode.swift; path = SingleChoiceAnswerCell.swift; sourceTree = "<group>"; };
		3370CBA3208664E7005E3ED5 /* SingleChoiceCell.xib */ = {isa = PBXFileReference; fileEncoding = 4; lastKnownFileType = file.xib; path = SingleChoiceCell.xib; sourceTree = "<group>"; };
		3370CBA4208664E7005E3ED5 /* SingleChoiceTitleCell.swift */ = {isa = PBXFileReference; fileEncoding = 4; lastKnownFileType = sourcecode.swift; path = SingleChoiceTitleCell.swift; sourceTree = "<group>"; };
		3370CBA5208664E7005E3ED5 /* SingleChoiceCell.swift */ = {isa = PBXFileReference; fileEncoding = 4; indentWidth = 4; lastKnownFileType = sourcecode.swift; path = SingleChoiceCell.swift; sourceTree = "<group>"; tabWidth = 4; };
		3370CBA6208664E7005E3ED5 /* SingleChoiceAnswerCell.xib */ = {isa = PBXFileReference; fileEncoding = 4; lastKnownFileType = file.xib; path = SingleChoiceAnswerCell.xib; sourceTree = "<group>"; };
		3370CBA7208664E7005E3ED5 /* SingleChoiceTitleCell.xib */ = {isa = PBXFileReference; fileEncoding = 4; lastKnownFileType = file.xib; path = SingleChoiceTitleCell.xib; sourceTree = "<group>"; };
		338701D220866B62008637F2 /* SingleInputCellViewModel.swift */ = {isa = PBXFileReference; lastKnownFileType = sourcecode.swift; path = SingleInputCellViewModel.swift; sourceTree = "<group>"; };
		338701D420866B99008637F2 /* SingleChoiceCellViewModel.swift */ = {isa = PBXFileReference; lastKnownFileType = sourcecode.swift; path = SingleChoiceCellViewModel.swift; sourceTree = "<group>"; };
		338701D72086809C008637F2 /* QuestionType.swift */ = {isa = PBXFileReference; lastKnownFileType = sourcecode.swift; path = QuestionType.swift; sourceTree = "<group>"; };
		33A02C5F208691DF00FB589C /* QuestionsDisplay.swift */ = {isa = PBXFileReference; lastKnownFileType = sourcecode.swift; path = QuestionsDisplay.swift; sourceTree = "<group>"; };
		33A02C61208697D900FB589C /* SingleChoiceModel.swift */ = {isa = PBXFileReference; lastKnownFileType = sourcecode.swift; path = SingleChoiceModel.swift; sourceTree = "<group>"; };
		33A02C6320869C8800FB589C /* KYCDataSource.swift */ = {isa = PBXFileReference; lastKnownFileType = sourcecode.swift; path = KYCDataSource.swift; sourceTree = "<group>"; };
		33AC5B9C2087B7D40011CE2D /* CellViewModelProtocol.swift */ = {isa = PBXFileReference; lastKnownFileType = sourcecode.swift; path = CellViewModelProtocol.swift; sourceTree = "<group>"; };
		3460F1902088DDE90041E3D5 /* SingleChoiceDataSource.swift */ = {isa = PBXFileReference; indentWidth = 4; lastKnownFileType = sourcecode.swift; path = SingleChoiceDataSource.swift; sourceTree = "<group>"; tabWidth = 4; };
		3460F1922088E1C20041E3D5 /* SingleChoiceDelegate.swift */ = {isa = PBXFileReference; indentWidth = 4; lastKnownFileType = sourcecode.swift; path = SingleChoiceDelegate.swift; sourceTree = "<group>"; tabWidth = 4; };
/* End PBXFileReference section */

/* Begin PBXFrameworksBuildPhase section */
		3367F33720853E490041A399 /* Frameworks */ = {
			isa = PBXFrameworksBuildPhase;
			buildActionMask = 2147483647;
			files = (
				3330E8D92087DFE50002D14E /* RxSwift.framework in Frameworks */,
				3330E8D72087DFE50002D14E /* RxCocoa.framework in Frameworks */,
			);
			runOnlyForDeploymentPostprocessing = 0;
		};
		3367F34B20853E4B0041A399 /* Frameworks */ = {
			isa = PBXFrameworksBuildPhase;
			buildActionMask = 2147483647;
			files = (
			);
			runOnlyForDeploymentPostprocessing = 0;
		};
/* End PBXFrameworksBuildPhase section */

/* Begin PBXGroup section */
		3330F27120868BE90063C9DD /* Model */ = {
			isa = PBXGroup;
			children = (
				3330F27220868C0B0063C9DD /* KeyboardSingleInput.swift */,
				3330F27420868C290063C9DD /* QuestionTypeProtocol.swift */,
				33AC5B9C2087B7D40011CE2D /* CellViewModelProtocol.swift */,
				33A02C5F208691DF00FB589C /* QuestionsDisplay.swift */,
				3330F27620868C3C0063C9DD /* SingleInputModel.swift */,
				33A02C61208697D900FB589C /* SingleChoiceModel.swift */,
			);
			path = Model;
			sourceTree = "<group>";
		};
		3357965F208644D5004EB25D /* ViewModel */ = {
			isa = PBXGroup;
			children = (
				33579660208644EC004EB25D /* KYCViewModel.swift */,
			);
			path = ViewModel;
			sourceTree = "<group>";
		};
		335796622086450B004EB25D /* Controller */ = {
			isa = PBXGroup;
			children = (
				3367F34120853E490041A399 /* Main.storyboard */,
				3367F33F20853E490041A399 /* KYCController.swift */,
				33A02C6320869C8800FB589C /* KYCDataSource.swift */,
			);
			path = Controller;
			sourceTree = "<group>";
		};
		3367F33120853E490041A399 = {
			isa = PBXGroup;
			children = (
				3367F33C20853E490041A399 /* KYCHorizontallyFlow */,
				3367F35120853E4B0041A399 /* KYCHorizontallyFlowTests */,
				3367F33B20853E490041A399 /* Products */,
				3367F39C208639FD0041A399 /* Frameworks */,
			);
			sourceTree = "<group>";
		};
		3367F33B20853E490041A399 /* Products */ = {
			isa = PBXGroup;
			children = (
				3367F33A20853E490041A399 /* KYCHorizontallyFlow.app */,
				3367F34E20853E4B0041A399 /* KYCHorizontallyFlowTests.xctest */,
			);
			name = Products;
			sourceTree = "<group>";
		};
		3367F33C20853E490041A399 /* KYCHorizontallyFlow */ = {
			isa = PBXGroup;
			children = (
				3367F35E20853F8F0041A399 /* KYC */,
				3367F35F208547130041A399 /* Commons */,
				3367F36C2085479C0041A399 /* Resources */,
				3367F35D20853E540041A399 /* Supporting Files */,
			);
			path = KYCHorizontallyFlow;
			sourceTree = "<group>";
		};
		3367F35120853E4B0041A399 /* KYCHorizontallyFlowTests */ = {
			isa = PBXGroup;
			children = (
				3367F35220853E4B0041A399 /* KYCHorizontallyFlowTests.swift */,
				3367F35420853E4B0041A399 /* Info.plist */,
			);
			path = KYCHorizontallyFlowTests;
			sourceTree = "<group>";
		};
		3367F35D20853E540041A399 /* Supporting Files */ = {
			isa = PBXGroup;
			children = (
				3367F33D20853E490041A399 /* AppDelegate.swift */,
				3367F34620853E4B0041A399 /* LaunchScreen.storyboard */,
				3367F34920853E4B0041A399 /* Info.plist */,
			);
			path = "Supporting Files";
			sourceTree = "<group>";
		};
		3367F35E20853F8F0041A399 /* KYC */ = {
			isa = PBXGroup;
			children = (
				3367F38220854A8B0041A399 /* Domain */,
				3367F3992086396C0041A399 /* Service */,
				3367F39620854CBD0041A399 /* View */,
				3357965F208644D5004EB25D /* ViewModel */,
			);
			path = KYC;
			sourceTree = "<group>";
		};
		3367F35F208547130041A399 /* Commons */ = {
			isa = PBXGroup;
			children = (
				3367F38320854AC20041A399 /* JSON */,
				3367F376208548C00041A399 /* Color */,
				3367F36F2085488B0041A399 /* Keyboard */,
				3367F3602085471E0041A399 /* Reusable */,
				3367F3692085477D0041A399 /* View */,
			);
			path = Commons;
			sourceTree = "<group>";
		};
		3367F3602085471E0041A399 /* Reusable */ = {
			isa = PBXGroup;
			children = (
				3367F363208547730041A399 /* CollectionViewReusable.swift */,
				3367F364208547730041A399 /* NibCreatable.swift */,
				3367F362208547730041A399 /* Reusable.swift */,
				3367F361208547730041A399 /* TableViewReusable.swift */,
			);
			path = Reusable;
			sourceTree = "<group>";
		};
		3367F3692085477D0041A399 /* View */ = {
			isa = PBXGroup;
			children = (
				3367F36A208547830041A399 /* ViewCreatable.swift */,
			);
			path = View;
			sourceTree = "<group>";
		};
		3367F36C2085479C0041A399 /* Resources */ = {
			isa = PBXGroup;
			children = (
				3367F34420853E4B0041A399 /* Assets.xcassets */,
				3367F36D208547D00041A399 /* Response.json */,
			);
			path = Resources;
			sourceTree = "<group>";
		};
		3367F36F2085488B0041A399 /* Keyboard */ = {
			isa = PBXGroup;
			children = (
				3367F370208548970041A399 /* KeyboardModel.swift */,
				3367F371208548970041A399 /* KeyboardDelegate.swift */,
				3367F372208548970041A399 /* KeyboardManager.swift */,
			);
			path = Keyboard;
			sourceTree = "<group>";
		};
		3367F376208548C00041A399 /* Color */ = {
			isa = PBXGroup;
			children = (
				3367F377208548CF0041A399 /* Color.swift */,
			);
			path = Color;
			sourceTree = "<group>";
		};
		3367F3792085491A0041A399 /* Footer */ = {
			isa = PBXGroup;
			children = (
				3367F37E208549D20041A399 /* NavigationFooterView.xib */,
				3367F37F208549D20041A399 /* NavigationFooterView.swift */,
			);
			path = Footer;
			sourceTree = "<group>";
		};
		3367F38220854A8B0041A399 /* Domain */ = {
			isa = PBXGroup;
			children = (
				3367F38620854B280041A399 /* QuestionsResponse.swift */,
				3367F38820854BD60041A399 /* MetaResponse.swift */,
				3367F38A20854BEF0041A399 /* Question.swift */,
				338701D72086809C008637F2 /* QuestionType.swift */,
				3367F38E20854C190041A399 /* SingleInput.swift */,
				3367F39020854C280041A399 /* SingleChoice.swift */,
				3367F39220854C370041A399 /* Answer.swift */,
				3367F39420854C620041A399 /* SingleInputValidationType.swift */,
			);
			path = Domain;
			sourceTree = "<group>";
		};
		3367F38320854AC20041A399 /* JSON */ = {
			isa = PBXGroup;
			children = (
				3367F38420854ACD0041A399 /* JSON.swift */,
			);
			path = JSON;
			sourceTree = "<group>";
		};
		3367F39620854CBD0041A399 /* View */ = {
			isa = PBXGroup;
			children = (
				3330F27120868BE90063C9DD /* Model */,
				3370CB9B208649F8005E3ED5 /* Cells */,
				335796622086450B004EB25D /* Controller */,
				3367F3792085491A0041A399 /* Footer */,
			);
			path = View;
			sourceTree = "<group>";
		};
		3367F3992086396C0041A399 /* Service */ = {
			isa = PBXGroup;
			children = (
				3367F39A208639820041A399 /* QuestionsService.swift */,
			);
			path = Service;
			sourceTree = "<group>";
		};
		3367F39C208639FD0041A399 /* Frameworks */ = {
			isa = PBXGroup;
			children = (
				3367F3A1208641760041A399 /* RxCocoa.framework */,
				3367F3A2208641760041A399 /* RxSwift.framework */,
			);
			name = Frameworks;
			sourceTree = "<group>";
		};
		3370CB9B208649F8005E3ED5 /* Cells */ = {
			isa = PBXGroup;
			children = (
				3370CB9C20864A65005E3ED5 /* SingleInput */,
				3370CBA1208664BA005E3ED5 /* SingleChoice */,
			);
			path = Cells;
			sourceTree = "<group>";
		};
		3370CB9C20864A65005E3ED5 /* SingleInput */ = {
			isa = PBXGroup;
			children = (
				3370CB9D20864A77005E3ED5 /* SingleInputCell.xib */,
				3370CB9E20864A77005E3ED5 /* SingleInputCell.swift */,
				338701D220866B62008637F2 /* SingleInputCellViewModel.swift */,
			);
			path = SingleInput;
			sourceTree = "<group>";
		};
		3370CBA1208664BA005E3ED5 /* SingleChoice */ = {
			isa = PBXGroup;
			children = (
				338701D620866BB4008637F2 /* TableView */,
				3370CBA3208664E7005E3ED5 /* SingleChoiceCell.xib */,
				3370CBA5208664E7005E3ED5 /* SingleChoiceCell.swift */,
				338701D420866B99008637F2 /* SingleChoiceCellViewModel.swift */,
				3460F1902088DDE90041E3D5 /* SingleChoiceDataSource.swift */,
				3460F1922088E1C20041E3D5 /* SingleChoiceDelegate.swift */,
			);
			path = SingleChoice;
			sourceTree = "<group>";
		};
		338701D620866BB4008637F2 /* TableView */ = {
			isa = PBXGroup;
			children = (
				3370CBA6208664E7005E3ED5 /* SingleChoiceAnswerCell.xib */,
				3370CBA2208664E7005E3ED5 /* SingleChoiceAnswerCell.swift */,
				3370CBA7208664E7005E3ED5 /* SingleChoiceTitleCell.xib */,
				3370CBA4208664E7005E3ED5 /* SingleChoiceTitleCell.swift */,
			);
			path = TableView;
			sourceTree = "<group>";
		};
/* End PBXGroup section */

/* Begin PBXNativeTarget section */
		3367F33920853E490041A399 /* KYCHorizontallyFlow */ = {
			isa = PBXNativeTarget;
			buildConfigurationList = 3367F35720853E4B0041A399 /* Build configuration list for PBXNativeTarget "KYCHorizontallyFlow" */;
			buildPhases = (
				3367F33620853E490041A399 /* Sources */,
				3367F33720853E490041A399 /* Frameworks */,
				3367F33820853E490041A399 /* Resources */,
				3330E8DB2087DFE50002D14E /* Embed Frameworks */,
			);
			buildRules = (
			);
			dependencies = (
			);
			name = KYCHorizontallyFlow;
			productName = KYCHorizontallyFlow;
			productReference = 3367F33A20853E490041A399 /* KYCHorizontallyFlow.app */;
			productType = "com.apple.product-type.application";
		};
		3367F34D20853E4B0041A399 /* KYCHorizontallyFlowTests */ = {
			isa = PBXNativeTarget;
			buildConfigurationList = 3367F35A20853E4B0041A399 /* Build configuration list for PBXNativeTarget "KYCHorizontallyFlowTests" */;
			buildPhases = (
				3367F34A20853E4B0041A399 /* Sources */,
				3367F34B20853E4B0041A399 /* Frameworks */,
				3367F34C20853E4B0041A399 /* Resources */,
			);
			buildRules = (
			);
			dependencies = (
				3367F35020853E4B0041A399 /* PBXTargetDependency */,
			);
			name = KYCHorizontallyFlowTests;
			productName = KYCHorizontallyFlowTests;
			productReference = 3367F34E20853E4B0041A399 /* KYCHorizontallyFlowTests.xctest */;
			productType = "com.apple.product-type.bundle.unit-test";
		};
/* End PBXNativeTarget section */

/* Begin PBXProject section */
		3367F33220853E490041A399 /* Project object */ = {
			isa = PBXProject;
			attributes = {
				LastSwiftUpdateCheck = 0930;
				LastUpgradeCheck = 0930;
				ORGANIZATIONNAME = "Stone Pagamentos";
				TargetAttributes = {
					3367F33920853E490041A399 = {
						CreatedOnToolsVersion = 9.3;
					};
					3367F34D20853E4B0041A399 = {
						CreatedOnToolsVersion = 9.3;
						TestTargetID = 3367F33920853E490041A399;
					};
				};
			};
			buildConfigurationList = 3367F33520853E490041A399 /* Build configuration list for PBXProject "KYCHorizontallyFlow" */;
			compatibilityVersion = "Xcode 9.3";
			developmentRegion = en;
			hasScannedForEncodings = 0;
			knownRegions = (
				en,
				Base,
			);
			mainGroup = 3367F33120853E490041A399;
			productRefGroup = 3367F33B20853E490041A399 /* Products */;
			projectDirPath = "";
			projectRoot = "";
			targets = (
				3367F33920853E490041A399 /* KYCHorizontallyFlow */,
				3367F34D20853E4B0041A399 /* KYCHorizontallyFlowTests */,
			);
		};
/* End PBXProject section */

/* Begin PBXResourcesBuildPhase section */
		3367F33820853E490041A399 /* Resources */ = {
			isa = PBXResourcesBuildPhase;
			buildActionMask = 2147483647;
			files = (
				3367F380208549D20041A399 /* NavigationFooterView.xib in Resources */,
				3367F34820853E4B0041A399 /* LaunchScreen.storyboard in Resources */,
				3367F34520853E4B0041A399 /* Assets.xcassets in Resources */,
				3370CB9F20864A77005E3ED5 /* SingleInputCell.xib in Resources */,
				3367F34320853E490041A399 /* Main.storyboard in Resources */,
				3370CBA9208664E7005E3ED5 /* SingleChoiceCell.xib in Resources */,
				3370CBAC208664E7005E3ED5 /* SingleChoiceAnswerCell.xib in Resources */,
				3370CBAD208664E7005E3ED5 /* SingleChoiceTitleCell.xib in Resources */,
				3367F36E208547D00041A399 /* Response.json in Resources */,
			);
			runOnlyForDeploymentPostprocessing = 0;
		};
		3367F34C20853E4B0041A399 /* Resources */ = {
			isa = PBXResourcesBuildPhase;
			buildActionMask = 2147483647;
			files = (
			);
			runOnlyForDeploymentPostprocessing = 0;
		};
/* End PBXResourcesBuildPhase section */

/* Begin PBXSourcesBuildPhase section */
		3367F33620853E490041A399 /* Sources */ = {
			isa = PBXSourcesBuildPhase;
			buildActionMask = 2147483647;
			files = (
				3367F39520854C620041A399 /* SingleInputValidationType.swift in Sources */,
				3367F373208548970041A399 /* KeyboardModel.swift in Sources */,
				3370CBA020864A77005E3ED5 /* SingleInputCell.swift in Sources */,
				3367F38B20854BEF0041A399 /* Question.swift in Sources */,
				3367F38520854ACD0041A399 /* JSON.swift in Sources */,
				3367F39320854C370041A399 /* Answer.swift in Sources */,
				3367F366208547730041A399 /* Reusable.swift in Sources */,
				3367F378208548CF0041A399 /* Color.swift in Sources */,
				3367F375208548970041A399 /* KeyboardManager.swift in Sources */,
				3367F34020853E490041A399 /* KYCController.swift in Sources */,
				33A02C62208697D900FB589C /* SingleChoiceModel.swift in Sources */,
				3367F367208547730041A399 /* CollectionViewReusable.swift in Sources */,
				3367F365208547730041A399 /* TableViewReusable.swift in Sources */,
				338701D320866B62008637F2 /* SingleInputCellViewModel.swift in Sources */,
				3367F374208548970041A399 /* KeyboardDelegate.swift in Sources */,
				3367F38920854BD60041A399 /* MetaResponse.swift in Sources */,
				33AC5B9D2087B7D40011CE2D /* CellViewModelProtocol.swift in Sources */,
				3367F33E20853E490041A399 /* AppDelegate.swift in Sources */,
				338701D520866B99008637F2 /* SingleChoiceCellViewModel.swift in Sources */,
				3460F1932088E1C20041E3D5 /* SingleChoiceDelegate.swift in Sources */,
				3460F1912088DDE90041E3D5 /* SingleChoiceDataSource.swift in Sources */,
				3367F39B208639820041A399 /* QuestionsService.swift in Sources */,
				338701D82086809C008637F2 /* QuestionType.swift in Sources */,
				33A02C60208691DF00FB589C /* QuestionsDisplay.swift in Sources */,
				33579661208644EC004EB25D /* KYCViewModel.swift in Sources */,
				3330F27720868C3C0063C9DD /* SingleInputModel.swift in Sources */,
				33A02C6420869C8800FB589C /* KYCDataSource.swift in Sources */,
				3367F368208547730041A399 /* NibCreatable.swift in Sources */,
				3367F36B208547830041A399 /* ViewCreatable.swift in Sources */,
				3367F381208549D20041A399 /* NavigationFooterView.swift in Sources */,
				3367F38F20854C190041A399 /* SingleInput.swift in Sources */,
				3330F27520868C290063C9DD /* QuestionTypeProtocol.swift in Sources */,
				3370CBAA208664E7005E3ED5 /* SingleChoiceTitleCell.swift in Sources */,
				3330F27320868C0B0063C9DD /* KeyboardSingleInput.swift in Sources */,
				3370CBAB208664E7005E3ED5 /* SingleChoiceCell.swift in Sources */,
				3367F38720854B280041A399 /* QuestionsResponse.swift in Sources */,
				3370CBA8208664E7005E3ED5 /* SingleChoiceAnswerCell.swift in Sources */,
				3367F39120854C280041A399 /* SingleChoice.swift in Sources */,
			);
			runOnlyForDeploymentPostprocessing = 0;
		};
		3367F34A20853E4B0041A399 /* Sources */ = {
			isa = PBXSourcesBuildPhase;
			buildActionMask = 2147483647;
			files = (
				3367F35320853E4B0041A399 /* KYCHorizontallyFlowTests.swift in Sources */,
			);
			runOnlyForDeploymentPostprocessing = 0;
		};
/* End PBXSourcesBuildPhase section */

/* Begin PBXTargetDependency section */
		3367F35020853E4B0041A399 /* PBXTargetDependency */ = {
			isa = PBXTargetDependency;
			target = 3367F33920853E490041A399 /* KYCHorizontallyFlow */;
			targetProxy = 3367F34F20853E4B0041A399 /* PBXContainerItemProxy */;
		};
/* End PBXTargetDependency section */

/* Begin PBXVariantGroup section */
		3367F34120853E490041A399 /* Main.storyboard */ = {
			isa = PBXVariantGroup;
			children = (
				3367F34220853E490041A399 /* Base */,
			);
			name = Main.storyboard;
			sourceTree = "<group>";
		};
		3367F34620853E4B0041A399 /* LaunchScreen.storyboard */ = {
			isa = PBXVariantGroup;
			children = (
				3367F34720853E4B0041A399 /* Base */,
			);
			name = LaunchScreen.storyboard;
			sourceTree = "<group>";
		};
/* End PBXVariantGroup section */

/* Begin XCBuildConfiguration section */
		3367F35520853E4B0041A399 /* Debug */ = {
			isa = XCBuildConfiguration;
			buildSettings = {
				ALWAYS_SEARCH_USER_PATHS = NO;
				CLANG_ANALYZER_NONNULL = YES;
				CLANG_ANALYZER_NUMBER_OBJECT_CONVERSION = YES_AGGRESSIVE;
				CLANG_CXX_LANGUAGE_STANDARD = "gnu++14";
				CLANG_CXX_LIBRARY = "libc++";
				CLANG_ENABLE_MODULES = YES;
				CLANG_ENABLE_OBJC_ARC = YES;
				CLANG_ENABLE_OBJC_WEAK = YES;
				CLANG_WARN_BLOCK_CAPTURE_AUTORELEASING = YES;
				CLANG_WARN_BOOL_CONVERSION = YES;
				CLANG_WARN_COMMA = YES;
				CLANG_WARN_CONSTANT_CONVERSION = YES;
				CLANG_WARN_DEPRECATED_OBJC_IMPLEMENTATIONS = YES;
				CLANG_WARN_DIRECT_OBJC_ISA_USAGE = YES_ERROR;
				CLANG_WARN_DOCUMENTATION_COMMENTS = YES;
				CLANG_WARN_EMPTY_BODY = YES;
				CLANG_WARN_ENUM_CONVERSION = YES;
				CLANG_WARN_INFINITE_RECURSION = YES;
				CLANG_WARN_INT_CONVERSION = YES;
				CLANG_WARN_NON_LITERAL_NULL_CONVERSION = YES;
				CLANG_WARN_OBJC_IMPLICIT_RETAIN_SELF = YES;
				CLANG_WARN_OBJC_LITERAL_CONVERSION = YES;
				CLANG_WARN_OBJC_ROOT_CLASS = YES_ERROR;
				CLANG_WARN_RANGE_LOOP_ANALYSIS = YES;
				CLANG_WARN_STRICT_PROTOTYPES = YES;
				CLANG_WARN_SUSPICIOUS_MOVE = YES;
				CLANG_WARN_UNGUARDED_AVAILABILITY = YES_AGGRESSIVE;
				CLANG_WARN_UNREACHABLE_CODE = YES;
				CLANG_WARN__DUPLICATE_METHOD_MATCH = YES;
				CODE_SIGN_IDENTITY = "iPhone Developer";
				COPY_PHASE_STRIP = NO;
				DEBUG_INFORMATION_FORMAT = dwarf;
				ENABLE_STRICT_OBJC_MSGSEND = YES;
				ENABLE_TESTABILITY = YES;
				GCC_C_LANGUAGE_STANDARD = gnu11;
				GCC_DYNAMIC_NO_PIC = NO;
				GCC_NO_COMMON_BLOCKS = YES;
				GCC_OPTIMIZATION_LEVEL = 0;
				GCC_PREPROCESSOR_DEFINITIONS = (
					"DEBUG=1",
					"$(inherited)",
				);
				GCC_WARN_64_TO_32_BIT_CONVERSION = YES;
				GCC_WARN_ABOUT_RETURN_TYPE = YES_ERROR;
				GCC_WARN_UNDECLARED_SELECTOR = YES;
				GCC_WARN_UNINITIALIZED_AUTOS = YES_AGGRESSIVE;
				GCC_WARN_UNUSED_FUNCTION = YES;
				GCC_WARN_UNUSED_VARIABLE = YES;
				IPHONEOS_DEPLOYMENT_TARGET = 10;
				MTL_ENABLE_DEBUG_INFO = YES;
				ONLY_ACTIVE_ARCH = YES;
				SDKROOT = iphoneos;
				SWIFT_ACTIVE_COMPILATION_CONDITIONS = DEBUG;
				SWIFT_OPTIMIZATION_LEVEL = "-Onone";
			};
			name = Debug;
		};
		3367F35620853E4B0041A399 /* Release */ = {
			isa = XCBuildConfiguration;
			buildSettings = {
				ALWAYS_SEARCH_USER_PATHS = NO;
				CLANG_ANALYZER_NONNULL = YES;
				CLANG_ANALYZER_NUMBER_OBJECT_CONVERSION = YES_AGGRESSIVE;
				CLANG_CXX_LANGUAGE_STANDARD = "gnu++14";
				CLANG_CXX_LIBRARY = "libc++";
				CLANG_ENABLE_MODULES = YES;
				CLANG_ENABLE_OBJC_ARC = YES;
				CLANG_ENABLE_OBJC_WEAK = YES;
				CLANG_WARN_BLOCK_CAPTURE_AUTORELEASING = YES;
				CLANG_WARN_BOOL_CONVERSION = YES;
				CLANG_WARN_COMMA = YES;
				CLANG_WARN_CONSTANT_CONVERSION = YES;
				CLANG_WARN_DEPRECATED_OBJC_IMPLEMENTATIONS = YES;
				CLANG_WARN_DIRECT_OBJC_ISA_USAGE = YES_ERROR;
				CLANG_WARN_DOCUMENTATION_COMMENTS = YES;
				CLANG_WARN_EMPTY_BODY = YES;
				CLANG_WARN_ENUM_CONVERSION = YES;
				CLANG_WARN_INFINITE_RECURSION = YES;
				CLANG_WARN_INT_CONVERSION = YES;
				CLANG_WARN_NON_LITERAL_NULL_CONVERSION = YES;
				CLANG_WARN_OBJC_IMPLICIT_RETAIN_SELF = YES;
				CLANG_WARN_OBJC_LITERAL_CONVERSION = YES;
				CLANG_WARN_OBJC_ROOT_CLASS = YES_ERROR;
				CLANG_WARN_RANGE_LOOP_ANALYSIS = YES;
				CLANG_WARN_STRICT_PROTOTYPES = YES;
				CLANG_WARN_SUSPICIOUS_MOVE = YES;
				CLANG_WARN_UNGUARDED_AVAILABILITY = YES_AGGRESSIVE;
				CLANG_WARN_UNREACHABLE_CODE = YES;
				CLANG_WARN__DUPLICATE_METHOD_MATCH = YES;
				CODE_SIGN_IDENTITY = "iPhone Developer";
				COPY_PHASE_STRIP = NO;
				DEBUG_INFORMATION_FORMAT = "dwarf-with-dsym";
				ENABLE_NS_ASSERTIONS = NO;
				ENABLE_STRICT_OBJC_MSGSEND = YES;
				GCC_C_LANGUAGE_STANDARD = gnu11;
				GCC_NO_COMMON_BLOCKS = YES;
				GCC_WARN_64_TO_32_BIT_CONVERSION = YES;
				GCC_WARN_ABOUT_RETURN_TYPE = YES_ERROR;
				GCC_WARN_UNDECLARED_SELECTOR = YES;
				GCC_WARN_UNINITIALIZED_AUTOS = YES_AGGRESSIVE;
				GCC_WARN_UNUSED_FUNCTION = YES;
				GCC_WARN_UNUSED_VARIABLE = YES;
				IPHONEOS_DEPLOYMENT_TARGET = 10;
				MTL_ENABLE_DEBUG_INFO = NO;
				SDKROOT = iphoneos;
				SWIFT_COMPILATION_MODE = wholemodule;
				SWIFT_OPTIMIZATION_LEVEL = "-O";
				VALIDATE_PRODUCT = YES;
			};
			name = Release;
		};
		3367F35820853E4B0041A399 /* Debug */ = {
			isa = XCBuildConfiguration;
			buildSettings = {
				ASSETCATALOG_COMPILER_APPICON_NAME = AppIcon;
				CODE_SIGN_STYLE = Automatic;
				DEVELOPMENT_TEAM = 8Q54VRJ624;
				FRAMEWORK_SEARCH_PATHS = (
					"$(inherited)",
					"$(PROJECT_DIR)",
				);
				INFOPLIST_FILE = "$(SRCROOT)/KYCHorizontallyFlow/Supporting Files/Info.plist";
				IPHONEOS_DEPLOYMENT_TARGET = 10;
				LD_RUNPATH_SEARCH_PATHS = (
					"$(inherited)",
					"@executable_path/Frameworks",
				);
				PRODUCT_BUNDLE_IDENTIFIER = br.com.buy4.KYCHorizontallyFlow;
				PRODUCT_NAME = "$(TARGET_NAME)";
				SWIFT_VERSION = 4.0;
				TARGETED_DEVICE_FAMILY = 1;
			};
			name = Debug;
		};
		3367F35920853E4B0041A399 /* Release */ = {
			isa = XCBuildConfiguration;
			buildSettings = {
				ASSETCATALOG_COMPILER_APPICON_NAME = AppIcon;
				CODE_SIGN_STYLE = Automatic;
				DEVELOPMENT_TEAM = 8Q54VRJ624;
				FRAMEWORK_SEARCH_PATHS = (
					"$(inherited)",
					"$(PROJECT_DIR)",
				);
				INFOPLIST_FILE = "$(SRCROOT)/KYCHorizontallyFlow/Supporting Files/Info.plist";
				IPHONEOS_DEPLOYMENT_TARGET = 10;
				LD_RUNPATH_SEARCH_PATHS = (
					"$(inherited)",
					"@executable_path/Frameworks",
				);
				PRODUCT_BUNDLE_IDENTIFIER = br.com.buy4.KYCHorizontallyFlow;
				PRODUCT_NAME = "$(TARGET_NAME)";
				SWIFT_VERSION = 4.0;
				TARGETED_DEVICE_FAMILY = 1;
			};
			name = Release;
		};
		3367F35B20853E4B0041A399 /* Debug */ = {
			isa = XCBuildConfiguration;
			buildSettings = {
				ALWAYS_EMBED_SWIFT_STANDARD_LIBRARIES = YES;
				BUNDLE_LOADER = "$(TEST_HOST)";
				CODE_SIGN_STYLE = Automatic;
				DEVELOPMENT_TEAM = 8Q54VRJ624;
				INFOPLIST_FILE = KYCHorizontallyFlowTests/Info.plist;
				LD_RUNPATH_SEARCH_PATHS = (
					"$(inherited)",
					"@executable_path/Frameworks",
					"@loader_path/Frameworks",
				);
				PRODUCT_BUNDLE_IDENTIFIER = br.com.buy4.KYCHorizontallyFlowTests;
				PRODUCT_NAME = "$(TARGET_NAME)";
				SWIFT_VERSION = 4.0;
				TARGETED_DEVICE_FAMILY = "1,2";
				TEST_HOST = "$(BUILT_PRODUCTS_DIR)/KYCHorizontallyFlow.app/KYCHorizontallyFlow";
			};
			name = Debug;
		};
		3367F35C20853E4B0041A399 /* Release */ = {
			isa = XCBuildConfiguration;
			buildSettings = {
				ALWAYS_EMBED_SWIFT_STANDARD_LIBRARIES = YES;
				BUNDLE_LOADER = "$(TEST_HOST)";
				CODE_SIGN_STYLE = Automatic;
				DEVELOPMENT_TEAM = 8Q54VRJ624;
				INFOPLIST_FILE = KYCHorizontallyFlowTests/Info.plist;
				LD_RUNPATH_SEARCH_PATHS = (
					"$(inherited)",
					"@executable_path/Frameworks",
					"@loader_path/Frameworks",
				);
				PRODUCT_BUNDLE_IDENTIFIER = br.com.buy4.KYCHorizontallyFlowTests;
				PRODUCT_NAME = "$(TARGET_NAME)";
				SWIFT_VERSION = 4.0;
				TARGETED_DEVICE_FAMILY = "1,2";
				TEST_HOST = "$(BUILT_PRODUCTS_DIR)/KYCHorizontallyFlow.app/KYCHorizontallyFlow";
			};
			name = Release;
		};
/* End XCBuildConfiguration section */

/* Begin XCConfigurationList section */
		3367F33520853E490041A399 /* Build configuration list for PBXProject "KYCHorizontallyFlow" */ = {
			isa = XCConfigurationList;
			buildConfigurations = (
				3367F35520853E4B0041A399 /* Debug */,
				3367F35620853E4B0041A399 /* Release */,
			);
			defaultConfigurationIsVisible = 0;
			defaultConfigurationName = Release;
		};
		3367F35720853E4B0041A399 /* Build configuration list for PBXNativeTarget "KYCHorizontallyFlow" */ = {
			isa = XCConfigurationList;
			buildConfigurations = (
				3367F35820853E4B0041A399 /* Debug */,
				3367F35920853E4B0041A399 /* Release */,
			);
			defaultConfigurationIsVisible = 0;
			defaultConfigurationName = Release;
		};
		3367F35A20853E4B0041A399 /* Build configuration list for PBXNativeTarget "KYCHorizontallyFlowTests" */ = {
			isa = XCConfigurationList;
			buildConfigurations = (
				3367F35B20853E4B0041A399 /* Debug */,
				3367F35C20853E4B0041A399 /* Release */,
			);
			defaultConfigurationIsVisible = 0;
			defaultConfigurationName = Release;
		};
/* End XCConfigurationList section */
	};
	rootObject = 3367F33220853E490041A399 /* Project object */;
}
